// !$*UTF8*$!
{
	archiveVersion = 1;
	classes = {
	};
	objectVersion = 55;
	objects = {

/* Begin PBXBuildFile section */
		18FE663C35ABB108EBE491D9 /* Pods_Speech_Recognition_App.framework in Frameworks */ = {isa = PBXBuildFile; fileRef = 35D344DBAC58A18C972AA375 /* Pods_Speech_Recognition_App.framework */; };
		86F69AC72859F56300CC38DC /* AppDelegate.swift in Sources */ = {isa = PBXBuildFile; fileRef = 86F69AC62859F56300CC38DC /* AppDelegate.swift */; };
		86F69AC92859F56300CC38DC /* SceneDelegate.swift in Sources */ = {isa = PBXBuildFile; fileRef = 86F69AC82859F56300CC38DC /* SceneDelegate.swift */; };
		86F69ACB2859F56300CC38DC /* ViewController.swift in Sources */ = {isa = PBXBuildFile; fileRef = 86F69ACA2859F56300CC38DC /* ViewController.swift */; };
		86F69ACE2859F56300CC38DC /* Main.storyboard in Resources */ = {isa = PBXBuildFile; fileRef = 86F69ACC2859F56300CC38DC /* Main.storyboard */; };
		86F69AD02859F56600CC38DC /* Assets.xcassets in Resources */ = {isa = PBXBuildFile; fileRef = 86F69ACF2859F56600CC38DC /* Assets.xcassets */; };
		86F69AD32859F56600CC38DC /* LaunchScreen.storyboard in Resources */ = {isa = PBXBuildFile; fileRef = 86F69AD12859F56600CC38DC /* LaunchScreen.storyboard */; };
/* End PBXBuildFile section */

/* Begin PBXFileReference section */
		35D344DBAC58A18C972AA375 /* Pods_Speech_Recognition_App.framework */ = {isa = PBXFileReference; explicitFileType = wrapper.framework; includeInIndex = 0; path = Pods_Speech_Recognition_App.framework; sourceTree = BUILT_PRODUCTS_DIR; };
		402B1FD861BC3DE567A72C3A /* Pods-Speech Recognition App.release.xcconfig */ = {isa = PBXFileReference; includeInIndex = 1; lastKnownFileType = text.xcconfig; name = "Pods-Speech Recognition App.release.xcconfig"; path = "Target Support Files/Pods-Speech Recognition App/Pods-Speech Recognition App.release.xcconfig"; sourceTree = "<group>"; };
		86F69AC32859F56300CC38DC /* Speech Recognition App.app */ = {isa = PBXFileReference; explicitFileType = wrapper.application; includeInIndex = 0; path = "Speech Recognition App.app"; sourceTree = BUILT_PRODUCTS_DIR; };
		86F69AC62859F56300CC38DC /* AppDelegate.swift */ = {isa = PBXFileReference; lastKnownFileType = sourcecode.swift; path = AppDelegate.swift; sourceTree = "<group>"; };
		86F69AC82859F56300CC38DC /* SceneDelegate.swift */ = {isa = PBXFileReference; lastKnownFileType = sourcecode.swift; path = SceneDelegate.swift; sourceTree = "<group>"; };
		86F69ACA2859F56300CC38DC /* ViewController.swift */ = {isa = PBXFileReference; lastKnownFileType = sourcecode.swift; path = ViewController.swift; sourceTree = "<group>"; };
		86F69ACD2859F56300CC38DC /* Base */ = {isa = PBXFileReference; lastKnownFileType = file.storyboard; name = Base; path = Base.lproj/Main.storyboard; sourceTree = "<group>"; };
		86F69ACF2859F56600CC38DC /* Assets.xcassets */ = {isa = PBXFileReference; lastKnownFileType = folder.assetcatalog; path = Assets.xcassets; sourceTree = "<group>"; };
		86F69AD22859F56600CC38DC /* Base */ = {isa = PBXFileReference; lastKnownFileType = file.storyboard; name = Base; path = Base.lproj/LaunchScreen.storyboard; sourceTree = "<group>"; };
		86F69AD42859F56600CC38DC /* Info.plist */ = {isa = PBXFileReference; lastKnownFileType = text.plist.xml; path = Info.plist; sourceTree = "<group>"; };
		B76042D37F4CDCA5209D3243 /* Pods-Speech Recognition App.debug.xcconfig */ = {isa = PBXFileReference; includeInIndex = 1; lastKnownFileType = text.xcconfig; name = "Pods-Speech Recognition App.debug.xcconfig"; path = "Target Support Files/Pods-Speech Recognition App/Pods-Speech Recognition App.debug.xcconfig"; sourceTree = "<group>"; };
/* End PBXFileReference section */

/* Begin PBXFrameworksBuildPhase section */
		86F69AC02859F56300CC38DC /* Frameworks */ = {
			isa = PBXFrameworksBuildPhase;
			buildActionMask = 2147483647;
			files = (
				18FE663C35ABB108EBE491D9 /* Pods_Speech_Recognition_App.framework in Frameworks */,
			);
			runOnlyForDeploymentPostprocessing = 0;
		};
/* End PBXFrameworksBuildPhase section */

/* Begin PBXGroup section */
		8324F6CA0517EA7CB90C3369 /* Frameworks */ = {
			isa = PBXGroup;
			children = (
				35D344DBAC58A18C972AA375 /* Pods_Speech_Recognition_App.framework */,
			);
			name = Frameworks;
			sourceTree = "<group>";
		};
		86F69ABA2859F56300CC38DC = {
			isa = PBXGroup;
			children = (
				86F69AC52859F56300CC38DC /* Speech Recognition App */,
				86F69AC42859F56300CC38DC /* Products */,
				FD62480722A496B509D13E91 /* Pods */,
				8324F6CA0517EA7CB90C3369 /* Frameworks */,
			);
			sourceTree = "<group>";
		};
		86F69AC42859F56300CC38DC /* Products */ = {
			isa = PBXGroup;
			children = (
				86F69AC32859F56300CC38DC /* Speech Recognition App.app */,
			);
			name = Products;
			sourceTree = "<group>";
		};
		86F69AC52859F56300CC38DC /* Speech Recognition App */ = {
			isa = PBXGroup;
			children = (
				86F69AC62859F56300CC38DC /* AppDelegate.swift */,
				86F69AC82859F56300CC38DC /* SceneDelegate.swift */,
				86F69ACA2859F56300CC38DC /* ViewController.swift */,
				86F69ACC2859F56300CC38DC /* Main.storyboard */,
				86F69ACF2859F56600CC38DC /* Assets.xcassets */,
				86F69AD12859F56600CC38DC /* LaunchScreen.storyboard */,
				86F69AD42859F56600CC38DC /* Info.plist */,
			);
			path = "Speech Recognition App";
			sourceTree = "<group>";
		};
		FD62480722A496B509D13E91 /* Pods */ = {
			isa = PBXGroup;
			children = (
				B76042D37F4CDCA5209D3243 /* Pods-Speech Recognition App.debug.xcconfig */,
				402B1FD861BC3DE567A72C3A /* Pods-Speech Recognition App.release.xcconfig */,
			);
			name = Pods;
			path = Pods;
			sourceTree = "<group>";
		};
/* End PBXGroup section */

/* Begin PBXNativeTarget section */
		86F69AC22859F56300CC38DC /* Speech Recognition App */ = {
			isa = PBXNativeTarget;
			buildConfigurationList = 86F69AD72859F56600CC38DC /* Build configuration list for PBXNativeTarget "Speech Recognition App" */;
			buildPhases = (
				3FDA0EC157B218D7138F10FB /* [CP] Check Pods Manifest.lock */,
				86F69ABF2859F56300CC38DC /* Sources */,
				86F69AC02859F56300CC38DC /* Frameworks */,
				86F69AC12859F56300CC38DC /* Resources */,
				051D51D2A3504F1A9DE5C9D5 /* [CP] Embed Pods Frameworks */,
			);
			buildRules = (
			);
			dependencies = (
			);
			name = "Speech Recognition App";
			productName = "Speech Recognition App";
			productReference = 86F69AC32859F56300CC38DC /* Speech Recognition App.app */;
			productType = "com.apple.product-type.application";
		};
/* End PBXNativeTarget section */

/* Begin PBXProject section */
		86F69ABB2859F56300CC38DC /* Project object */ = {
			isa = PBXProject;
			attributes = {
				BuildIndependentTargetsInParallel = 1;
				LastSwiftUpdateCheck = 1330;
				LastUpgradeCheck = 1330;
				TargetAttributes = {
					86F69AC22859F56300CC38DC = {
						CreatedOnToolsVersion = 13.3;
					};
				};
			};
			buildConfigurationList = 86F69ABE2859F56300CC38DC /* Build configuration list for PBXProject "Speech Recognition App" */;
			compatibilityVersion = "Xcode 13.0";
			developmentRegion = en;
			hasScannedForEncodings = 0;
			knownRegions = (
				en,
				Base,
			);
			mainGroup = 86F69ABA2859F56300CC38DC;
			productRefGroup = 86F69AC42859F56300CC38DC /* Products */;
			projectDirPath = "";
			projectRoot = "";
			targets = (
				86F69AC22859F56300CC38DC /* Speech Recognition App */,
			);
		};
/* End PBXProject section */

/* Begin PBXResourcesBuildPhase section */
		86F69AC12859F56300CC38DC /* Resources */ = {
			isa = PBXResourcesBuildPhase;
			buildActionMask = 2147483647;
			files = (
				86F69AD32859F56600CC38DC /* LaunchScreen.storyboard in Resources */,
				86F69AD02859F56600CC38DC /* Assets.xcassets in Resources */,
				86F69ACE2859F56300CC38DC /* Main.storyboard in Resources */,
			);
			runOnlyForDeploymentPostprocessing = 0;
		};
/* End PBXResourcesBuildPhase section */

/* Begin PBXShellScriptBuildPhase section */
		051D51D2A3504F1A9DE5C9D5 /* [CP] Embed Pods Frameworks */ = {
			isa = PBXShellScriptBuildPhase;
			buildActionMask = 2147483647;
			files = (
			);
			inputFileListPaths = (
				"${PODS_ROOT}/Target Support Files/Pods-Speech Recognition App/Pods-Speech Recognition App-frameworks-${CONFIGURATION}-input-files.xcfilelist",
			);
			name = "[CP] Embed Pods Frameworks";
			outputFileListPaths = (
				"${PODS_ROOT}/Target Support Files/Pods-Speech Recognition App/Pods-Speech Recognition App-frameworks-${CONFIGURATION}-output-files.xcfilelist",
			);
			runOnlyForDeploymentPostprocessing = 0;
			shellPath = /bin/sh;
			shellScript = "\"${PODS_ROOT}/Target Support Files/Pods-Speech Recognition App/Pods-Speech Recognition App-frameworks.sh\"\n";
			showEnvVarsInLog = 0;
		};
		3FDA0EC157B218D7138F10FB /* [CP] Check Pods Manifest.lock */ = {
			isa = PBXShellScriptBuildPhase;
			buildActionMask = 2147483647;
			files = (
			);
			inputFileListPaths = (
			);
			inputPaths = (
				"${PODS_PODFILE_DIR_PATH}/Podfile.lock",
				"${PODS_ROOT}/Manifest.lock",
			);
			name = "[CP] Check Pods Manifest.lock";
			outputFileListPaths = (
			);
			outputPaths = (
				"$(DERIVED_FILE_DIR)/Pods-Speech Recognition App-checkManifestLockResult.txt",
			);
			runOnlyForDeploymentPostprocessing = 0;
			shellPath = /bin/sh;
			shellScript = "diff \"${PODS_PODFILE_DIR_PATH}/Podfile.lock\" \"${PODS_ROOT}/Manifest.lock\" > /dev/null\nif [ $? != 0 ] ; then\n    # print error to STDERR\n    echo \"error: The sandbox is not in sync with the Podfile.lock. Run 'pod install' or update your CocoaPods installation.\" >&2\n    exit 1\nfi\n# This output is used by Xcode 'outputs' to avoid re-running this script phase.\necho \"SUCCESS\" > \"${SCRIPT_OUTPUT_FILE_0}\"\n";
			showEnvVarsInLog = 0;
		};
/* End PBXShellScriptBuildPhase section */

/* Begin PBXSourcesBuildPhase section */
		86F69ABF2859F56300CC38DC /* Sources */ = {
			isa = PBXSourcesBuildPhase;
			buildActionMask = 2147483647;
			files = (
				86F69ACB2859F56300CC38DC /* ViewController.swift in Sources */,
				86F69AC72859F56300CC38DC /* AppDelegate.swift in Sources */,
				86F69AC92859F56300CC38DC /* SceneDelegate.swift in Sources */,
			);
			runOnlyForDeploymentPostprocessing = 0;
		};
/* End PBXSourcesBuildPhase section */

/* Begin PBXVariantGroup section */
		86F69ACC2859F56300CC38DC /* Main.storyboard */ = {
			isa = PBXVariantGroup;
			children = (
				86F69ACD2859F56300CC38DC /* Base */,
			);
			name = Main.storyboard;
			sourceTree = "<group>";
		};
		86F69AD12859F56600CC38DC /* LaunchScreen.storyboard */ = {
			isa = PBXVariantGroup;
			children = (
				86F69AD22859F56600CC38DC /* Base */,
			);
			name = LaunchScreen.storyboard;
			sourceTree = "<group>";
		};
/* End PBXVariantGroup section */

/* Begin XCBuildConfiguration section */
		86F69AD52859F56600CC38DC /* Debug */ = {
			isa = XCBuildConfiguration;
			buildSettings = {
				ALWAYS_SEARCH_USER_PATHS = NO;
				CLANG_ANALYZER_NONNULL = YES;
				CLANG_ANALYZER_NUMBER_OBJECT_CONVERSION = YES_AGGRESSIVE;
				CLANG_CXX_LANGUAGE_STANDARD = "gnu++17";
				CLANG_ENABLE_MODULES = YES;
				CLANG_ENABLE_OBJC_ARC = YES;
				CLANG_ENABLE_OBJC_WEAK = YES;
				CLANG_WARN_BLOCK_CAPTURE_AUTORELEASING = YES;
				CLANG_WARN_BOOL_CONVERSION = YES;
				CLANG_WARN_COMMA = YES;
				CLANG_WARN_CONSTANT_CONVERSION = YES;
				CLANG_WARN_DEPRECATED_OBJC_IMPLEMENTATIONS = YES;
				CLANG_WARN_DIRECT_OBJC_ISA_USAGE = YES_ERROR;
				CLANG_WARN_DOCUMENTATION_COMMENTS = YES;
				CLANG_WARN_EMPTY_BODY = YES;
				CLANG_WARN_ENUM_CONVERSION = YES;
				CLANG_WARN_INFINITE_RECURSION = YES;
				CLANG_WARN_INT_CONVERSION = YES;
				CLANG_WARN_NON_LITERAL_NULL_CONVERSION = YES;
				CLANG_WARN_OBJC_IMPLICIT_RETAIN_SELF = YES;
				CLANG_WARN_OBJC_LITERAL_CONVERSION = YES;
				CLANG_WARN_OBJC_ROOT_CLASS = YES_ERROR;
				CLANG_WARN_QUOTED_INCLUDE_IN_FRAMEWORK_HEADER = YES;
				CLANG_WARN_RANGE_LOOP_ANALYSIS = YES;
				CLANG_WARN_STRICT_PROTOTYPES = YES;
				CLANG_WARN_SUSPICIOUS_MOVE = YES;
				CLANG_WARN_UNGUARDED_AVAILABILITY = YES_AGGRESSIVE;
				CLANG_WARN_UNREACHABLE_CODE = YES;
				CLANG_WARN__DUPLICATE_METHOD_MATCH = YES;
				COPY_PHASE_STRIP = NO;
				DEBUG_INFORMATION_FORMAT = dwarf;
				ENABLE_STRICT_OBJC_MSGSEND = YES;
				ENABLE_TESTABILITY = YES;
				GCC_C_LANGUAGE_STANDARD = gnu11;
				GCC_DYNAMIC_NO_PIC = NO;
				GCC_NO_COMMON_BLOCKS = YES;
				GCC_OPTIMIZATION_LEVEL = 0;
				GCC_PREPROCESSOR_DEFINITIONS = (
					"DEBUG=1",
					"$(inherited)",
				);
				GCC_WARN_64_TO_32_BIT_CONVERSION = YES;
				GCC_WARN_ABOUT_RETURN_TYPE = YES_ERROR;
				GCC_WARN_UNDECLARED_SELECTOR = YES;
				GCC_WARN_UNINITIALIZED_AUTOS = YES_AGGRESSIVE;
				GCC_WARN_UNUSED_FUNCTION = YES;
				GCC_WARN_UNUSED_VARIABLE = YES;
				IPHONEOS_DEPLOYMENT_TARGET = 15.4;
				MTL_ENABLE_DEBUG_INFO = INCLUDE_SOURCE;
				MTL_FAST_MATH = YES;
				ONLY_ACTIVE_ARCH = YES;
				SDKROOT = iphoneos;
				SWIFT_ACTIVE_COMPILATION_CONDITIONS = DEBUG;
				SWIFT_OPTIMIZATION_LEVEL = "-Onone";
			};
			name = Debug;
		};
		86F69AD62859F56600CC38DC /* Release */ = {
			isa = XCBuildConfiguration;
			buildSettings = {
				ALWAYS_SEARCH_USER_PATHS = NO;
				CLANG_ANALYZER_NONNULL = YES;
				CLANG_ANALYZER_NUMBER_OBJECT_CONVERSION = YES_AGGRESSIVE;
				CLANG_CXX_LANGUAGE_STANDARD = "gnu++17";
				CLANG_ENABLE_MODULES = YES;
				CLANG_ENABLE_OBJC_ARC = YES;
				CLANG_ENABLE_OBJC_WEAK = YES;
				CLANG_WARN_BLOCK_CAPTURE_AUTORELEASING = YES;
				CLANG_WARN_BOOL_CONVERSION = YES;
				CLANG_WARN_COMMA = YES;
				CLANG_WARN_CONSTANT_CONVERSION = YES;
				CLANG_WARN_DEPRECATED_OBJC_IMPLEMENTATIONS = YES;
				CLANG_WARN_DIRECT_OBJC_ISA_USAGE = YES_ERROR;
				CLANG_WARN_DOCUMENTATION_COMMENTS = YES;
				CLANG_WARN_EMPTY_BODY = YES;
				CLANG_WARN_ENUM_CONVERSION = YES;
				CLANG_WARN_INFINITE_RECURSION = YES;
				CLANG_WARN_INT_CONVERSION = YES;
				CLANG_WARN_NON_LITERAL_NULL_CONVERSION = YES;
				CLANG_WARN_OBJC_IMPLICIT_RETAIN_SELF = YES;
				CLANG_WARN_OBJC_LITERAL_CONVERSION = YES;
				CLANG_WARN_OBJC_ROOT_CLASS = YES_ERROR;
				CLANG_WARN_QUOTED_INCLUDE_IN_FRAMEWORK_HEADER = YES;
				CLANG_WARN_RANGE_LOOP_ANALYSIS = YES;
				CLANG_WARN_STRICT_PROTOTYPES = YES;
				CLANG_WARN_SUSPICIOUS_MOVE = YES;
				CLANG_WARN_UNGUARDED_AVAILABILITY = YES_AGGRESSIVE;
				CLANG_WARN_UNREACHABLE_CODE = YES;
				CLANG_WARN__DUPLICATE_METHOD_MATCH = YES;
				COPY_PHASE_STRIP = NO;
				DEBUG_INFORMATION_FORMAT = "dwarf-with-dsym";
				ENABLE_NS_ASSERTIONS = NO;
				ENABLE_STRICT_OBJC_MSGSEND = YES;
				GCC_C_LANGUAGE_STANDARD = gnu11;
				GCC_NO_COMMON_BLOCKS = YES;
				GCC_WARN_64_TO_32_BIT_CONVERSION = YES;
				GCC_WARN_ABOUT_RETURN_TYPE = YES_ERROR;
				GCC_WARN_UNDECLARED_SELECTOR = YES;
				GCC_WARN_UNINITIALIZED_AUTOS = YES_AGGRESSIVE;
				GCC_WARN_UNUSED_FUNCTION = YES;
				GCC_WARN_UNUSED_VARIABLE = YES;
				IPHONEOS_DEPLOYMENT_TARGET = 15.4;
				MTL_ENABLE_DEBUG_INFO = NO;
				MTL_FAST_MATH = YES;
				SDKROOT = iphoneos;
				SWIFT_COMPILATION_MODE = wholemodule;
				SWIFT_OPTIMIZATION_LEVEL = "-O";
				VALIDATE_PRODUCT = YES;
			};
			name = Release;
		};
		86F69AD82859F56600CC38DC /* Debug */ = {
			isa = XCBuildConfiguration;
			baseConfigurationReference = B76042D37F4CDCA5209D3243 /* Pods-Speech Recognition App.debug.xcconfig */;
			buildSettings = {
				ASSETCATALOG_COMPILER_APPICON_NAME = AppIcon;
				ASSETCATALOG_COMPILER_GLOBAL_ACCENT_COLOR_NAME = AccentColor;
				CODE_SIGN_STYLE = Automatic;
				CURRENT_PROJECT_VERSION = 1;
				DEVELOPMENT_TEAM = HSY5R94H24;
				GENERATE_INFOPLIST_FILE = YES;
				INFOPLIST_FILE = "Speech Recognition App/Info.plist";
				INFOPLIST_KEY_UIApplicationSupportsIndirectInputEvents = YES;
				INFOPLIST_KEY_UILaunchStoryboardName = LaunchScreen;
				INFOPLIST_KEY_UIMainStoryboardFile = Main;
				INFOPLIST_KEY_UISupportedInterfaceOrientations_iPad = "UIInterfaceOrientationPortrait UIInterfaceOrientationPortraitUpsideDown UIInterfaceOrientationLandscapeLeft UIInterfaceOrientationLandscapeRight";
				INFOPLIST_KEY_UISupportedInterfaceOrientations_iPhone = "UIInterfaceOrientationPortrait UIInterfaceOrientationLandscapeLeft UIInterfaceOrientationLandscapeRight";
				LD_RUNPATH_SEARCH_PATHS = (
					"$(inherited)",
					"@executable_path/Frameworks",
				);
				MARKETING_VERSION = 1.0;
				PRODUCT_BUNDLE_IDENTIFIER = "Nodirbek-s.Speech-Recognition-App";
				PRODUCT_NAME = "$(TARGET_NAME)";
				SWIFT_EMIT_LOC_STRINGS = YES;
				SWIFT_VERSION = 5.0;
				TARGETED_DEVICE_FAMILY = "1,2";
			};
			name = Debug;
		};
		86F69AD92859F56600CC38DC /* Release */ = {
			isa = XCBuildConfiguration;
			baseConfigurationReference = 402B1FD861BC3DE567A72C3A /* Pods-Speech Recognition App.release.xcconfig */;
			buildSettings = {
				ASSETCATALOG_COMPILER_APPICON_NAME = AppIcon;
				ASSETCATALOG_COMPILER_GLOBAL_ACCENT_COLOR_NAME = AccentColor;
				CODE_SIGN_STYLE = Automatic;
				CURRENT_PROJECT_VERSION = 1;
				DEVELOPMENT_TEAM = HSY5R94H24;
				GENERATE_INFOPLIST_FILE = YES;
				INFOPLIST_FILE = "Speech Recognition App/Info.plist";
				INFOPLIST_KEY_UIApplicationSupportsIndirectInputEvents = YES;
				INFOPLIST_KEY_UILaunchStoryboardName = LaunchScreen;
				INFOPLIST_KEY_UIMainStoryboardFile = Main;
				INFOPLIST_KEY_UISupportedInterfaceOrientations_iPad = "UIInterfaceOrientationPortrait UIInterfaceOrientationPortraitUpsideDown UIInterfaceOrientationLandscapeLeft UIInterfaceOrientationLandscapeRight";
				INFOPLIST_KEY_UISupportedInterfaceOrientations_iPhone = "UIInterfaceOrientationPortrait UIInterfaceOrientationLandscapeLeft UIInterfaceOrientationLandscapeRight";
				LD_RUNPATH_SEARCH_PATHS = (
					"$(inherited)",
					"@executable_path/Frameworks",
				);
				MARKETING_VERSION = 1.0;
				PRODUCT_BUNDLE_IDENTIFIER = "Nodirbek-s.Speech-Recognition-App";
				PRODUCT_NAME = "$(TARGET_NAME)";
				SWIFT_EMIT_LOC_STRINGS = YES;
				SWIFT_VERSION = 5.0;
				TARGETED_DEVICE_FAMILY = "1,2";
			};
			name = Release;
		};
/* End XCBuildConfiguration section */

/* Begin XCConfigurationList section */
		86F69ABE2859F56300CC38DC /* Build configuration list for PBXProject "Speech Recognition App" */ = {
			isa = XCConfigurationList;
			buildConfigurations = (
				86F69AD52859F56600CC38DC /* Debug */,
				86F69AD62859F56600CC38DC /* Release */,
			);
			defaultConfigurationIsVisible = 0;
			defaultConfigurationName = Release;
		};
		86F69AD72859F56600CC38DC /* Build configuration list for PBXNativeTarget "Speech Recognition App" */ = {
			isa = XCConfigurationList;
			buildConfigurations = (
				86F69AD82859F56600CC38DC /* Debug */,
				86F69AD92859F56600CC38DC /* Release */,
			);
			defaultConfigurationIsVisible = 0;
			defaultConfigurationName = Release;
		};
/* End XCConfigurationList section */
	};
	rootObject = 86F69ABB2859F56300CC38DC /* Project object */;
}
